<?xml version="1.0" encoding="utf-8"?>
<Project ToolsVersion="4.0" xmlns="http://schemas.microsoft.com/developer/msbuild/2003">
  <ItemGroup>
    <Filter Include="Default">
      <UniqueIdentifier>{b277e925-cbd7-4eb2-afa1-8bf331c7ec8d}</UniqueIdentifier>
    </Filter>
    <Filter Include="App">
      <UniqueIdentifier>{b4dab326-1831-47bf-890f-dc1928a6005e}</UniqueIdentifier>
    </Filter>
    <Filter Include="App\Input">
      <UniqueIdentifier>{1b2fdc6d-4d4d-4d65-936e-d591c91b216c}</UniqueIdentifier>
    </Filter>
    <Filter Include="App\Window">
      <UniqueIdentifier>{ba92dd71-b1ee-41ca-9349-79323e4ff430}</UniqueIdentifier>
    </Filter>
    <Filter Include="App\Renderer">
      <UniqueIdentifier>{8ad4371c-deaf-4dcc-8013-20760b2ef794}</UniqueIdentifier>
    </Filter>
    <Filter Include="App\Graphics">
      <UniqueIdentifier>{e3150826-5275-40d2-89c9-88ff397b37e0}</UniqueIdentifier>
    </Filter>
  </ItemGroup>
  <ItemGroup>
    <ClCompile Include="main.cpp">
      <Filter>Default</Filter>
    </ClCompile>
    <ClCompile Include="App.cpp">
      <Filter>App</Filter>
    </ClCompile>
    <ClCompile Include="pch.cpp">
      <Filter>Default</Filter>
    </ClCompile>
    <ClCompile Include="Window.cpp">
      <Filter>App\Window</Filter>
    </ClCompile>
    <ClCompile Include="Renderer.cpp">
      <Filter>App\Renderer</Filter>
    </ClCompile>
    <ClCompile Include="Input.cpp">
      <Filter>App\Input</Filter>
    </ClCompile>
    <ClCompile Include="Graphics.cpp">
      <Filter>App\Graphics</Filter>
    </ClCompile>
  </ItemGroup>
  <ItemGroup>
    <ClInclude Include="App.h">
      <Filter>App</Filter>
    </ClInclude>
    <ClInclude Include="pch.h">
      <Filter>Default</Filter>
    </ClInclude>
    <ClInclude Include="Window.h">
      <Filter>App\Window</Filter>
    </ClInclude>
    <ClInclude Include="Renderer.h">
      <Filter>App\Renderer</Filter>
    </ClInclude>
    <ClInclude Include="Input.h">
      <Filter>App\Input</Filter>
    </ClInclude>
    <ClInclude Include="Graphics.h">
      <Filter>App\Graphics</Filter>
    </ClInclude>
  </ItemGroup>
</Project>