<?xml version="1.0" encoding="utf-8"?>
<Project ToolsVersion="4.0" xmlns="http://schemas.microsoft.com/developer/msbuild/2003">
  <ItemGroup>
    <Filter Include="Default">
      <UniqueIdentifier>{b277e925-cbd7-4eb2-afa1-8bf331c7ec8d}</UniqueIdentifier>
    </Filter>
    <Filter Include="App">
      <UniqueIdentifier>{b4dab326-1831-47bf-890f-dc1928a6005e}</UniqueIdentifier>
    </Filter>
    <Filter Include="App\Input">
      <UniqueIdentifier>{1b2fdc6d-4d4d-4d65-936e-d591c91b216c}</UniqueIdentifier>
    </Filter>
    <Filter Include="App\Window">
      <UniqueIdentifier>{ba92dd71-b1ee-41ca-9349-79323e4ff430}</UniqueIdentifier>
    </Filter>
    <Filter Include="App\Renderer">
      <UniqueIdentifier>{8ad4371c-deaf-4dcc-8013-20760b2ef794}</UniqueIdentifier>
    </Filter>
    <Filter Include="App\Graphics">
      <UniqueIdentifier>{e3150826-5275-40d2-89c9-88ff397b37e0}</UniqueIdentifier>
    </Filter>
    <Filter Include="App\ShaderManager">
      <UniqueIdentifier>{a1dcc8db-f6a0-4676-aea5-619cded31942}</UniqueIdentifier>
    </Filter>
    <Filter Include="App\ShaderManager\ShaderFiles">
      <UniqueIdentifier>{887af805-b075-43bf-930a-02a18d538ca5}</UniqueIdentifier>
    </Filter>
    <Filter Include="Types">
      <UniqueIdentifier>{f41064a1-340a-4f9a-b63b-71efddca76e6}</UniqueIdentifier>
    </Filter>
    <Filter Include="Types\Vertex">
      <UniqueIdentifier>{f7948af0-3f24-4bad-a7b6-6e369338e3de}</UniqueIdentifier>
    </Filter>
    <Filter Include="Types\Shader">
      <UniqueIdentifier>{6a4a8866-6c08-4070-9cd2-c8014f24cc83}</UniqueIdentifier>
    </Filter>
    <Filter Include="App\LevelManager">
      <UniqueIdentifier>{c6aa0de8-d4ce-40b5-9369-af0b49ed105e}</UniqueIdentifier>
    </Filter>
    <Filter Include="App\LevelManager\Level">
      <UniqueIdentifier>{21c8051e-7b97-4bf3-96e5-5b95d21f2c9e}</UniqueIdentifier>
    </Filter>
    <Filter Include="App\LevelManager\Object">
      <UniqueIdentifier>{997393c5-20e7-4940-9500-eb51689fed01}</UniqueIdentifier>
    </Filter>
    <Filter Include="App\LevelManager\Object\Component">
      <UniqueIdentifier>{54083599-b1f9-4274-b741-c643044f1674}</UniqueIdentifier>
    </Filter>
    <Filter Include="App\LevelManager\Object\Component\Mesh">
      <UniqueIdentifier>{764f9f62-b06a-4903-86a8-93d39fbc6e5c}</UniqueIdentifier>
    </Filter>
    <Filter Include="App\LevelManager\Object\Component\Transform">
      <UniqueIdentifier>{ff629fba-0fc6-47a3-8499-f5473e735399}</UniqueIdentifier>
    </Filter>
    <Filter Include="App\LevelManager\Object\UBall">
      <UniqueIdentifier>{d5860bfc-8741-4892-b721-f46f8b6550f0}</UniqueIdentifier>
    </Filter>
    <Filter Include="App\Interface">
      <UniqueIdentifier>{81e23d56-1acf-4166-9a9f-efb25e980eed}</UniqueIdentifier>
    </Filter>
  </ItemGroup>
  <ItemGroup>
    <ClCompile Include="main.cpp">
      <Filter>Default</Filter>
    </ClCompile>
    <ClCompile Include="App.cpp">
      <Filter>App</Filter>
    </ClCompile>
    <ClCompile Include="pch.cpp">
      <Filter>Default</Filter>
    </ClCompile>
    <ClCompile Include="Window.cpp">
      <Filter>App\Window</Filter>
    </ClCompile>
    <ClCompile Include="Renderer.cpp">
      <Filter>App\Renderer</Filter>
    </ClCompile>
    <ClCompile Include="Input.cpp">
      <Filter>App\Input</Filter>
    </ClCompile>
    <ClCompile Include="Graphics.cpp">
      <Filter>App\Graphics</Filter>
    </ClCompile>
    <ClCompile Include="ShaderManager.cpp">
      <Filter>App\ShaderManager</Filter>
    </ClCompile>
    <ClCompile Include="ShaderTypes.cpp">
      <Filter>Types\Vertex</Filter>
    </ClCompile>
    <ClCompile Include="VertexTypes.cpp">
      <Filter>Types\Shader</Filter>
    </ClCompile>
    <ClCompile Include="Level.cpp">
      <Filter>App\LevelManager\Level</Filter>
    </ClCompile>
    <ClCompile Include="Object.cpp">
      <Filter>App\LevelManager\Object</Filter>
    </ClCompile>
    <ClCompile Include="LevelManager.cpp">
      <Filter>App\LevelManager</Filter>
    </ClCompile>
    <ClCompile Include="Mesh.cpp">
      <Filter>App\LevelManager\Object\Component\Mesh</Filter>
    </ClCompile>
    <ClCompile Include="Component.cpp">
      <Filter>App\LevelManager\Object\Component</Filter>
    </ClCompile>
    <ClCompile Include="Transform.cpp">
      <Filter>App\LevelManager\Object\Component\Transform</Filter>
    </ClCompile>
    <ClCompile Include="Ball.cpp">
      <Filter>App\LevelManager\Object\UBall</Filter>
    </ClCompile>
    <ClCompile Include="Updatable.cpp">
      <Filter>App\Interface</Filter>
    </ClCompile>
    <ClCompile Include="Renderable.cpp">
      <Filter>App\Interface</Filter>
    </ClCompile>
  </ItemGroup>
  <ItemGroup>
    <ClInclude Include="App.h">
      <Filter>App</Filter>
    </ClInclude>
    <ClInclude Include="pch.h">
      <Filter>Default</Filter>
    </ClInclude>
    <ClInclude Include="Window.h">
      <Filter>App\Window</Filter>
    </ClInclude>
    <ClInclude Include="Renderer.h">
      <Filter>App\Renderer</Filter>
    </ClInclude>
    <ClInclude Include="Input.h">
      <Filter>App\Input</Filter>
    </ClInclude>
    <ClInclude Include="Graphics.h">
      <Filter>App\Graphics</Filter>
    </ClInclude>
    <ClInclude Include="ShaderManager.h">
      <Filter>App\ShaderManager</Filter>
    </ClInclude>
    <ClInclude Include="ShaderTypes.h">
      <Filter>Types\Vertex</Filter>
    </ClInclude>
    <ClInclude Include="VertexTypes.h">
      <Filter>Types\Shader</Filter>
    </ClInclude>
    <ClInclude Include="Sphere.h">
      <Filter>Types\Shader</Filter>
    </ClInclude>
    <ClInclude Include="Level.h">
      <Filter>App\LevelManager\Level</Filter>
    </ClInclude>
    <ClInclude Include="Object.h">
      <Filter>App\LevelManager\Object</Filter>
    </ClInclude>
    <ClInclude Include="LevelManager.h">
      <Filter>App\LevelManager</Filter>
    </ClInclude>
    <ClInclude Include="Mesh.h">
      <Filter>App\LevelManager\Object\Component\Mesh</Filter>
    </ClInclude>
    <ClInclude Include="Transform.h">
      <Filter>App\LevelManager\Object\Component\Transform</Filter>
    </ClInclude>
    <ClInclude Include="Component.h">
      <Filter>App\LevelManager\Object\Component</Filter>
    </ClInclude>
    <ClInclude Include="Ball.h">
      <Filter>App\LevelManager\Object\UBall</Filter>
    </ClInclude>
    <ClInclude Include="Updatable.h">
      <Filter>App\Interface</Filter>
    </ClInclude>
    <ClInclude Include="Renderable.h">
      <Filter>App\Interface</Filter>
    </ClInclude>
  </ItemGroup>
  <ItemGroup>
    <FxCompile Include="ShaderSimple.hlsl">
      <Filter>App\ShaderManager\ShaderFiles</Filter>
    </FxCompile>
  </ItemGroup>
</Project>